<?xml version="1.0" encoding="utf-8"?>
<Project ToolsVersion="4.0" xmlns="http://schemas.microsoft.com/developer/msbuild/2003">
  <ItemGroup>
    <Filter Include="Source Files">
      <UniqueIdentifier>{4FC737F1-C7A5-4376-A066-2A32D752A2FF}</UniqueIdentifier>
      <Extensions>cpp;c;cc;cxx;def;odl;idl;hpj;bat;asm;asmx</Extensions>
    </Filter>
    <Filter Include="Header Files">
      <UniqueIdentifier>{93995380-89BD-4b04-88EB-625FBE52EBFB}</UniqueIdentifier>
      <Extensions>h;hpp;hxx;hm;inl;inc;xsd</Extensions>
    </Filter>
    <Filter Include="Resource Files">
      <UniqueIdentifier>{67DA6AB6-F800-4c08-8B7A-83BB121AAD01}</UniqueIdentifier>
      <Extensions>rc;ico;cur;bmp;dlg;rc2;rct;bin;rgs;gif;jpg;jpeg;jpe;resx;tiff;tif;png;wav;mfcribbon-ms</Extensions>
    </Filter>
    <Filter Include="math">
      <UniqueIdentifier>{a70611a6-6bcb-4118-9900-308074b1decf}</UniqueIdentifier>
    </Filter>
    <Filter Include="GridVolume">
      <UniqueIdentifier>{d39ce167-179c-4a8b-b0e4-ac1138ab94ca}</UniqueIdentifier>
    </Filter>
  </ItemGroup>
  <ItemGroup>
    <ClCompile Include="main.cpp">
      <Filter>Source Files</Filter>
    </ClCompile>
    <ClCompile Include="GLUTSceneContainer.cpp">
      <Filter>Source Files</Filter>
    </ClCompile>
    <ClCompile Include="Scene.cpp">
      <Filter>Source Files</Filter>
    </ClCompile>
    <ClCompile Include="VolumeData.cpp">
      <Filter>Source Files</Filter>
    </ClCompile>
    <ClCompile Include="TypicalRayProducer.cpp">
      <Filter>Source Files</Filter>
    </ClCompile>
    <ClCompile Include="Matrix4x4.cpp">
      <Filter>math</Filter>
    </ClCompile>
    <ClCompile Include="Quaternion.cpp">
      <Filter>math</Filter>
    </ClCompile>
    <ClCompile Include="Vector2.cpp">
      <Filter>math</Filter>
    </ClCompile>
    <ClCompile Include="Vector3.cpp">
      <Filter>math</Filter>
    </ClCompile>
    <ClCompile Include="Vector4.cpp">
      <Filter>math</Filter>
    </ClCompile>
    <ClCompile Include="RayCaster.cpp">
      <Filter>Source Files</Filter>
    </ClCompile>
    <ClCompile Include="ImageIO.cpp">
      <Filter>Source Files</Filter>
    </ClCompile>
    <ClCompile Include="Spmd.cpp">
      <Filter>Source Files</Filter>
    </ClCompile>
    <ClCompile Include="CoherentVolume.cpp">
      <Filter>GridVolume</Filter>
    </ClCompile>
    <ClCompile Include="tools.cpp">
      <Filter>Source Files</Filter>
    </ClCompile>
    <ClCompile Include="L1TVOpticalFlowNonlinear.cpp">
      <Filter>Source Files</Filter>
    </ClCompile>
    <ClCompile Include="WaP_Tomo.cpp">
      <Filter>Source Files</Filter>
    </ClCompile>
  </ItemGroup>
  <ItemGroup>
    <ClInclude Include="AbstractScene.h">
      <Filter>Header Files</Filter>
    </ClInclude>
    <ClInclude Include="GLUTSceneContainer.h">
      <Filter>Header Files</Filter>
    </ClInclude>
    <ClInclude Include="Scene.h">
      <Filter>Header Files</Filter>
    </ClInclude>
    <ClInclude Include="VolumeData.h">
      <Filter>Header Files</Filter>
    </ClInclude>
    <ClInclude Include="TypicalRayProducer.h">
      <Filter>Header Files</Filter>
    </ClInclude>
    <ClInclude Include="TypicalRayProducer.core.h">
      <Filter>Header Files</Filter>
    </ClInclude>
    <ClInclude Include="Matrix4x4.h">
      <Filter>math</Filter>
    </ClInclude>
    <ClInclude Include="Quaternion.h">
      <Filter>math</Filter>
    </ClInclude>
    <ClInclude Include="Vector2.h">
      <Filter>math</Filter>
    </ClInclude>
    <ClInclude Include="Vector3.h">
      <Filter>math</Filter>
    </ClInclude>
    <ClInclude Include="Vector4.h">
      <Filter>math</Filter>
    </ClInclude>
    <ClInclude Include="RayCaster.h">
      <Filter>Header Files</Filter>
    </ClInclude>
    <ClInclude Include="RayCaster.core.h">
      <Filter>Header Files</Filter>
    </ClInclude>
    <ClInclude Include="SingleScalarVolume.core.h">
      <Filter>Header Files</Filter>
    </ClInclude>
    <ClInclude Include="ImageIO.h">
      <Filter>Header Files</Filter>
    </ClInclude>
    <ClInclude Include="NumberOfProcessors.h">
      <Filter>Header Files</Filter>
    </ClInclude>
    <ClInclude Include="Spmd.h">
      <Filter>Header Files</Filter>
    </ClInclude>
    <ClInclude Include="MyStandardIncludes.h">
      <Filter>Header Files</Filter>
    </ClInclude>
    <ClInclude Include="CoherentVolume.h">
      <Filter>GridVolume</Filter>
    </ClInclude>
    <ClInclude Include="tools.h">
      <Filter>Header Files</Filter>
    </ClInclude>
    <ClInclude Include="advection.h">
      <Filter>Header Files</Filter>
    </ClInclude>
    <ClInclude Include="vec3.h">
      <Filter>Header Files</Filter>
    </ClInclude>
    <ClInclude Include="optical_flow.h">
      <Filter>Header Files</Filter>
    </ClInclude>
    <ClInclude Include="cg.h">
      <Filter>math</Filter>
    </ClInclude>
    <ClInclude Include="L1TVOpticalFlow.h">
      <Filter>Header Files</Filter>
    </ClInclude>
    <ClInclude Include="Frames.h">
      <Filter>Header Files</Filter>
    </ClInclude>
    <ClInclude Include="WaP_Tomo.h">
      <Filter>Header Files</Filter>
    </ClInclude>
  </ItemGroup>
</Project>